{
    "_readme": [
        "This file locks the dependencies of your project to a known state",
        "Read more about it at https://getcomposer.org/doc/01-basic-usage.md#installing-dependencies",
        "This file is @generated automatically"
    ],
    "content-hash": "e2a396340838b8b3b4efae10021e98ec",
    "packages": [
        {
            "name": "dvikan/simple-parts",
            "version": "dev-master",
            "source": {
                "type": "git",
                "url": "https://github.com/dvikan/simple-parts.git",
                "reference": "5a5a2084d3491ca5c3263b9e9034a52a04286cad"
            },
            "dist": {
                "type": "zip",
                "url": "https://api.github.com/repos/dvikan/simple-parts/zipball/5a5a2084d3491ca5c3263b9e9034a52a04286cad",
                "reference": "5a5a2084d3491ca5c3263b9e9034a52a04286cad",
                "shasum": ""
            },
            "require": {
                "ext-curl": "*",
                "ext-imap": "*",
                "ext-json": "*",
                "ext-pdo": "*",
                "ext-simplexml": "*"
            },
            "require-dev": {
                "phpunit/phpunit": "^9.4"
            },
            "default-branch": true,
            "type": "library",
            "autoload": {
                "psr-4": {
                    "dvikan\\SimpleParts\\": "src/"
                },
                "files": [
                    "src/utils.php"
                ]
            },
            "notification-url": "https://packagist.org/downloads/",
            "license": [
                "MIT"
            ],
            "description": "Simple components for building applications",
            "support": {
                "issues": "https://github.com/dvikan/simple-parts/issues",
                "source": "https://github.com/dvikan/simple-parts/tree/master"
            },
            "time": "2020-11-03T17:30:45+00:00"
        },
        {
            "name": "erusev/parsedown",
            "version": "1.7.4",
            "source": {
                "type": "git",
                "url": "https://github.com/erusev/parsedown.git",
                "reference": "cb17b6477dfff935958ba01325f2e8a2bfa6dab3"
            },
            "dist": {
                "type": "zip",
                "url": "https://api.github.com/repos/erusev/parsedown/zipball/cb17b6477dfff935958ba01325f2e8a2bfa6dab3",
                "reference": "cb17b6477dfff935958ba01325f2e8a2bfa6dab3",
                "shasum": ""
            },
            "require": {
                "ext-mbstring": "*",
                "php": ">=5.3.0"
            },
            "require-dev": {
                "phpunit/phpunit": "^4.8.35"
            },
            "type": "library",
            "autoload": {
                "psr-0": {
                    "Parsedown": ""
                }
            },
            "notification-url": "https://packagist.org/downloads/",
            "license": [
                "MIT"
            ],
            "authors": [
                {
                    "name": "Emanuil Rusev",
                    "email": "hello@erusev.com",
                    "homepage": "http://erusev.com"
                }
            ],
            "description": "Parser for Markdown.",
            "homepage": "http://parsedown.org",
            "keywords": [
                "markdown",
                "parser"
            ],
            "time": "2019-12-30T22:54:17+00:00"
        }
    ],
    "packages-dev": [],
    "aliases": [],
    "minimum-stability": "stable",
    "stability-flags": {
        "dvikan/simple-parts": 20
    },
    "prefer-stable": false,
    "prefer-lowest": false,
    "platform": {
        "ext-json": "*",
        "ext-mbstring": "*",
        "ext-simplexml": "*"
    },
    "platform-dev": [],
    "plugin-api-version": "2.0.0"
}
